
Microsoft Visual Studio Solution File, Format Version 12.00
# Visual Studio Version 16
VisualStudioVersion = 16.0.31702.278
MinimumVisualStudioVersion = 10.0.40219.1
Project("{FAE04EC0-301F-11D3-BF4B-00C04F79EFBC}") = "Tic_Tac_Toe", "Tic_Tac_Toe\Tic_Tac_Toe.csproj", "{1A62B441-2C2F-4F55-A46B-8C587E5A5519}"
EndProject
Global
	GlobalSection(SolutionConfigurationPlatforms) = preSolution
		Debug|Any CPU = Debug|Any CPU
		Release|Any CPU = Release|Any CPU
	EndGlobalSection
	GlobalSection(ProjectConfigurationPlatforms) = postSolution
		{1A62B441-2C2F-4F55-A46B-8C587E5A5519}.Debug|Any CPU.ActiveCfg = Debug|Any CPU
		{1A62B441-2C2F-4F55-A46B-8C587E5A5519}.Debug|Any CPU.Build.0 = Debug|Any CPU
		{1A62B441-2C2F-4F55-A46B-8C587E5A5519}.Release|Any CPU.ActiveCfg = Release|Any CPU
		{1A62B441-2C2F-4F55-A46B-8C587E5A5519}.Release|Any CPU.Build.0 = Release|Any CPU
	EndGlobalSection
	GlobalSection(SolutionProperties) = preSolution
		HideSolutionNode = FALSE
	EndGlobalSection
	GlobalSection(ExtensibilityGlobals) = postSolution
		SolutionGuid = {6A961668-73C8-44DB-BB34-2837959762D9}
	EndGlobalSection
EndGlobal
